<?xml version="1.0" encoding="utf-8"?>
<Project ToolsVersion="4.0" xmlns="http://schemas.microsoft.com/developer/msbuild/2003">
  <ItemGroup>
    <Filter Include="Source Files">
      <UniqueIdentifier>{4FC737F1-C7A5-4376-A066-2A32D752A2FF}</UniqueIdentifier>
      <Extensions>cpp;c;cc;cxx;def;odl;idl;hpj;bat;asm;asmx</Extensions>
    </Filter>
    <Filter Include="Header Files">
      <UniqueIdentifier>{93995380-89BD-4b04-88EB-625FBE52EBFB}</UniqueIdentifier>
      <Extensions>h;hpp;hxx;hm;inl;inc;xsd</Extensions>
    </Filter>
    <Filter Include="Resource Files">
      <UniqueIdentifier>{67DA6AB6-F800-4c08-8B7A-83BB121AAD01}</UniqueIdentifier>
      <Extensions>rc;ico;cur;bmp;dlg;rc2;rct;bin;rgs;gif;jpg;jpeg;jpe;resx;tiff;tif;png;wav;mfcribbon-ms</Extensions>
    </Filter>
    <Filter Include="Shaders">
      <UniqueIdentifier>{9c014ff8-99ba-41db-8c33-41625a353f27}</UniqueIdentifier>
    </Filter>
  </ItemGroup>
  <ItemGroup>
    <ClCompile Include="CD3DHandler.cpp">
      <Filter>Source Files</Filter>
    </ClCompile>
    <ClCompile Include="CLog.cpp">
      <Filter>Source Files</Filter>
    </ClCompile>
    <ClCompile Include="CRenderer.cpp">
      <Filter>Source Files</Filter>
    </ClCompile>
    <ClCompile Include="CSystem.cpp">
      <Filter>Source Files</Filter>
    </ClCompile>
    <ClCompile Include="Settings.cpp">
      <Filter>Source Files</Filter>
    </ClCompile>
    <ClCompile Include="CInput.cpp">
      <Filter>Source Files</Filter>
    </ClCompile>
    <ClCompile Include="Main.cpp">
      <Filter>Source Files</Filter>
    </ClCompile>
    <ClCompile Include="CMesh.cpp">
      <Filter>Source Files</Filter>
    </ClCompile>
    <ClCompile Include="CColorShader.cpp">
      <Filter>Source Files</Filter>
    </ClCompile>
    <ClCompile Include="CCamera.cpp">
      <Filter>Source Files</Filter>
    </ClCompile>
    <ClCompile Include="CTexture.cpp">
      <Filter>Source Files</Filter>
    </ClCompile>
    <ClCompile Include="CTextureShader.cpp">
      <Filter>Source Files</Filter>
    </ClCompile>
    <ClCompile Include="CDiffuseLightShader.cpp">
      <Filter>Source Files</Filter>
    </ClCompile>
    <ClCompile Include="CLight.cpp">
      <Filter>Source Files</Filter>
    </ClCompile>
    <ClCompile Include="CLightShader.cpp">
      <Filter>Source Files</Filter>
    </ClCompile>
    <ClCompile Include="CBitmap.cpp">
      <Filter>Source Files</Filter>
    </ClCompile>
    <ClCompile Include="CWindow.cpp">
      <Filter>Source Files</Filter>
    </ClCompile>
  </ItemGroup>
  <ItemGroup>
    <ClInclude Include="CD3DHandler.h">
      <Filter>Header Files</Filter>
    </ClInclude>
    <ClInclude Include="CInput.h">
      <Filter>Header Files</Filter>
    </ClInclude>
    <ClInclude Include="CRenderer.h">
      <Filter>Header Files</Filter>
    </ClInclude>
    <ClInclude Include="CSystem.h">
      <Filter>Header Files</Filter>
    </ClInclude>
    <ClInclude Include="Settings.h">
      <Filter>Header Files</Filter>
    </ClInclude>
    <ClInclude Include="CLog.h">
      <Filter>Header Files</Filter>
    </ClInclude>
    <ClInclude Include="CMesh.h">
      <Filter>Header Files</Filter>
    </ClInclude>
    <ClInclude Include="CColorShader.h">
      <Filter>Header Files</Filter>
    </ClInclude>
    <ClInclude Include="CCamera.h">
      <Filter>Header Files</Filter>
    </ClInclude>
    <ClInclude Include="CTexture.h">
      <Filter>Header Files</Filter>
    </ClInclude>
    <ClInclude Include="CTextureShader.h">
      <Filter>Header Files</Filter>
    </ClInclude>
    <ClInclude Include="CDiffuseLightShader.h">
      <Filter>Header Files</Filter>
    </ClInclude>
    <ClInclude Include="CLight.h">
      <Filter>Header Files</Filter>
    </ClInclude>
    <ClInclude Include="CLightShader.h">
      <Filter>Header Files</Filter>
    </ClInclude>
    <ClInclude Include="CBitmap.h">
      <Filter>Header Files</Filter>
    </ClInclude>
    <ClInclude Include="CWindow.h">
      <Filter>Header Files</Filter>
    </ClInclude>
  </ItemGroup>
  <ItemGroup>
    <None Include="color.vs">
      <Filter>Shaders</Filter>
    </None>
    <None Include="color.ps">
      <Filter>Shaders</Filter>
    </None>
    <None Include="texture.vs">
      <Filter>Shaders</Filter>
    </None>
    <None Include="texture.ps">
      <Filter>Shaders</Filter>
    </None>
    <None Include="diffuselight.ps">
      <Filter>Shaders</Filter>
    </None>
    <None Include="diffuselight.vs">
      <Filter>Shaders</Filter>
    </None>
    <None Include="ambientlight.vs">
      <Filter>Shaders</Filter>
    </None>
    <None Include="ambientlight.ps">
      <Filter>Shaders</Filter>
    </None>
    <None Include="specularlight.vs" />
    <None Include="specularlight.ps" />
  </ItemGroup>
</Project>